
Microsoft Visual Studio Solution File, Format Version 12.00
# Visual Studio Version 16
VisualStudioVersion = 16.0.30804.86
MinimumVisualStudioVersion = 10.0.40219.1
Project("{FAE04EC0-301F-11D3-BF4B-00C04F79EFBC}") = "TestTask_AsconSamara", "TestTask_AsconSamara\TestTask_AsconSamara.csproj", "{EC3CFF61-86BF-48F4-AC99-FF901E059AB0}"
EndProject
Global
	GlobalSection(SolutionConfigurationPlatforms) = preSolution
		Debug|Any CPU = Debug|Any CPU
		Release|Any CPU = Release|Any CPU
	EndGlobalSection
	GlobalSection(ProjectConfigurationPlatforms) = postSolution
		{EC3CFF61-86BF-48F4-AC99-FF901E059AB0}.Debug|Any CPU.ActiveCfg = Debug|Any CPU
		{EC3CFF61-86BF-48F4-AC99-FF901E059AB0}.Debug|Any CPU.Build.0 = Debug|Any CPU
		{EC3CFF61-86BF-48F4-AC99-FF901E059AB0}.Release|Any CPU.ActiveCfg = Release|Any CPU
		{EC3CFF61-86BF-48F4-AC99-FF901E059AB0}.Release|Any CPU.Build.0 = Release|Any CPU
	EndGlobalSection
	GlobalSection(SolutionProperties) = preSolution
		HideSolutionNode = FALSE
	EndGlobalSection
	GlobalSection(ExtensibilityGlobals) = postSolution
		SolutionGuid = {8CBB8272-C136-41F5-B44E-F3308EE0C720}
	EndGlobalSection
EndGlobal
